// !$*UTF8*$!
{
	archiveVersion = 1;
	classes = {
	};
	objectVersion = 48;
	objects = {

/* Begin PBXBuildFile section */
		4AB583A21FC071D000514B27 /* AppDelegate.swift in Sources */ = {isa = PBXBuildFile; fileRef = 4AB583A11FC071D000514B27 /* AppDelegate.swift */; };
		4AB583A41FC071D000514B27 /* ViewController.swift in Sources */ = {isa = PBXBuildFile; fileRef = 4AB583A31FC071D000514B27 /* ViewController.swift */; };
		4AB583A71FC071D000514B27 /* Main.storyboard in Resources */ = {isa = PBXBuildFile; fileRef = 4AB583A51FC071D000514B27 /* Main.storyboard */; };
		4AB583A91FC071D000514B27 /* Assets.xcassets in Resources */ = {isa = PBXBuildFile; fileRef = 4AB583A81FC071D000514B27 /* Assets.xcassets */; };
		4AB583AC1FC071D000514B27 /* LaunchScreen.storyboard in Resources */ = {isa = PBXBuildFile; fileRef = 4AB583AA1FC071D000514B27 /* LaunchScreen.storyboard */; };
		4AB583D91FC0728E00514B27 /* PartyPicksHorizontalFlowLayout.swift in Sources */ = {isa = PBXBuildFile; fileRef = 4AB583D81FC0728E00514B27 /* PartyPicksHorizontalFlowLayout.swift */; };
/* End PBXBuildFile section */

/* Begin PBXFileReference section */
		4AB5839E1FC071D000514B27 /* PartyPicksHorizontal.app */ = {isa = PBXFileReference; explicitFileType = wrapper.application; includeInIndex = 0; path = PartyPicksHorizontal.app; sourceTree = BUILT_PRODUCTS_DIR; };
		4AB583A11FC071D000514B27 /* AppDelegate.swift */ = {isa = PBXFileReference; lastKnownFileType = sourcecode.swift; path = AppDelegate.swift; sourceTree = "<group>"; };
		4AB583A31FC071D000514B27 /* ViewController.swift */ = {isa = PBXFileReference; lastKnownFileType = sourcecode.swift; path = ViewController.swift; sourceTree = "<group>"; };
		4AB583A61FC071D000514B27 /* Base */ = {isa = PBXFileReference; lastKnownFileType = file.storyboard; name = Base; path = Base.lproj/Main.storyboard; sourceTree = "<group>"; };
		4AB583A81FC071D000514B27 /* Assets.xcassets */ = {isa = PBXFileReference; lastKnownFileType = folder.assetcatalog; path = Assets.xcassets; sourceTree = "<group>"; };
		4AB583AB1FC071D000514B27 /* Base */ = {isa = PBXFileReference; lastKnownFileType = file.storyboard; name = Base; path = Base.lproj/LaunchScreen.storyboard; sourceTree = "<group>"; };
		4AB583AD1FC071D000514B27 /* Info.plist */ = {isa = PBXFileReference; lastKnownFileType = text.plist.xml; path = Info.plist; sourceTree = "<group>"; };
		4AB583D81FC0728E00514B27 /* PartyPicksHorizontalFlowLayout.swift */ = {isa = PBXFileReference; fileEncoding = 4; lastKnownFileType = sourcecode.swift; path = PartyPicksHorizontalFlowLayout.swift; sourceTree = "<group>"; };
/* End PBXFileReference section */

/* Begin PBXFrameworksBuildPhase section */
		4AB5839B1FC071D000514B27 /* Frameworks */ = {
			isa = PBXFrameworksBuildPhase;
			buildActionMask = 2147483647;
			files = (
			);
			runOnlyForDeploymentPostprocessing = 0;
		};
/* End PBXFrameworksBuildPhase section */

/* Begin PBXGroup section */
		4AB583951FC071D000514B27 = {
			isa = PBXGroup;
			children = (
				4AB583D71FC0728E00514B27 /* Pod */,
				4AB583A01FC071D000514B27 /* PartyPicksHorizontal */,
				4AB5839F1FC071D000514B27 /* Products */,
			);
			sourceTree = "<group>";
		};
		4AB5839F1FC071D000514B27 /* Products */ = {
			isa = PBXGroup;
			children = (
				4AB5839E1FC071D000514B27 /* PartyPicksHorizontal.app */,
			);
			name = Products;
			sourceTree = "<group>";
		};
		4AB583A01FC071D000514B27 /* PartyPicksHorizontal */ = {
			isa = PBXGroup;
			children = (
				4AB583A11FC071D000514B27 /* AppDelegate.swift */,
				4AB583A31FC071D000514B27 /* ViewController.swift */,
				4AB583A51FC071D000514B27 /* Main.storyboard */,
				4AB583A81FC071D000514B27 /* Assets.xcassets */,
				4AB583AA1FC071D000514B27 /* LaunchScreen.storyboard */,
				4AB583AD1FC071D000514B27 /* Info.plist */,
			);
			path = PartyPicksHorizontal;
			sourceTree = "<group>";
		};
		4AB583D71FC0728E00514B27 /* Pod */ = {
			isa = PBXGroup;
			children = (
				4AB583D81FC0728E00514B27 /* PartyPicksHorizontalFlowLayout.swift */,
			);
			name = Pod;
			path = ../Pod;
			sourceTree = "<group>";
		};
/* End PBXGroup section */

/* Begin PBXNativeTarget section */
		4AB5839D1FC071D000514B27 /* PartyPicksHorizontal */ = {
			isa = PBXNativeTarget;
			buildConfigurationList = 4AB583B01FC071D000514B27 /* Build configuration list for PBXNativeTarget "PartyPicksHorizontal" */;
			buildPhases = (
				4AB5839A1FC071D000514B27 /* Sources */,
				4AB5839B1FC071D000514B27 /* Frameworks */,
				4AB5839C1FC071D000514B27 /* Resources */,
			);
			buildRules = (
			);
			dependencies = (
			);
			name = PartyPicksHorizontal;
			productName = PartyPicksHorizontal;
			productReference = 4AB5839E1FC071D000514B27 /* PartyPicksHorizontal.app */;
			productType = "com.apple.product-type.application";
		};
/* End PBXNativeTarget section */

/* Begin PBXProject section */
		4AB583961FC071D000514B27 /* Project object */ = {
			isa = PBXProject;
			attributes = {
				LastSwiftUpdateCheck = 0910;
				LastUpgradeCheck = 0910;
				ORGANIZATIONNAME = "Ricieri ME";
				TargetAttributes = {
					4AB5839D1FC071D000514B27 = {
						CreatedOnToolsVersion = 9.1;
						ProvisioningStyle = Automatic;
					};
				};
			};
			buildConfigurationList = 4AB583991FC071D000514B27 /* Build configuration list for PBXProject "PartyPicksHorizontal" */;
			compatibilityVersion = "Xcode 8.0";
			developmentRegion = en;
			hasScannedForEncodings = 0;
			knownRegions = (
				en,
				Base,
			);
			mainGroup = 4AB583951FC071D000514B27;
			productRefGroup = 4AB5839F1FC071D000514B27 /* Products */;
			projectDirPath = "";
			projectRoot = "";
			targets = (
				4AB5839D1FC071D000514B27 /* PartyPicksHorizontal */,
			);
		};
/* End PBXProject section */

/* Begin PBXResourcesBuildPhase section */
		4AB5839C1FC071D000514B27 /* Resources */ = {
			isa = PBXResourcesBuildPhase;
			buildActionMask = 2147483647;
			files = (
				4AB583AC1FC071D000514B27 /* LaunchScreen.storyboard in Resources */,
				4AB583A91FC071D000514B27 /* Assets.xcassets in Resources */,
				4AB583A71FC071D000514B27 /* Main.storyboard in Resources */,
			);
			runOnlyForDeploymentPostprocessing = 0;
		};
/* End PBXResourcesBuildPhase section */

/* Begin PBXSourcesBuildPhase section */
		4AB5839A1FC071D000514B27 /* Sources */ = {
			isa = PBXSourcesBuildPhase;
			buildActionMask = 2147483647;
			files = (
				4AB583A41FC071D000514B27 /* ViewController.swift in Sources */,
				4AB583A21FC071D000514B27 /* AppDelegate.swift in Sources */,
				4AB583D91FC0728E00514B27 /* PartyPicksHorizontalFlowLayout.swift in Sources */,
			);
			runOnlyForDeploymentPostprocessing = 0;
		};
/* End PBXSourcesBuildPhase section */

/* Begin PBXVariantGroup section */
		4AB583A51FC071D000514B27 /* Main.storyboard */ = {
			isa = PBXVariantGroup;
			children = (
				4AB583A61FC071D000514B27 /* Base */,
			);
			name = Main.storyboard;
			sourceTree = "<group>";
		};
		4AB583AA1FC071D000514B27 /* LaunchScreen.storyboard */ = {
			isa = PBXVariantGroup;
			children = (
				4AB583AB1FC071D000514B27 /* Base */,
			);
			name = LaunchScreen.storyboard;
			sourceTree = "<group>";
		};
/* End PBXVariantGroup section */

/* Begin XCBuildConfiguration section */
		4AB583AE1FC071D000514B27 /* Debug */ = {
			isa = XCBuildConfiguration;
			buildSettings = {
				ALWAYS_SEARCH_USER_PATHS = NO;
				CLANG_ANALYZER_NONNULL = YES;
				CLANG_ANALYZER_NUMBER_OBJECT_CONVERSION = YES_AGGRESSIVE;
				CLANG_CXX_LANGUAGE_STANDARD = "gnu++14";
				CLANG_CXX_LIBRARY = "libc++";
				CLANG_ENABLE_MODULES = YES;
				CLANG_ENABLE_OBJC_ARC = YES;
				CLANG_WARN_BLOCK_CAPTURE_AUTORELEASING = YES;
				CLANG_WARN_BOOL_CONVERSION = YES;
				CLANG_WARN_COMMA = YES;
				CLANG_WARN_CONSTANT_CONVERSION = YES;
				CLANG_WARN_DIRECT_OBJC_ISA_USAGE = YES_ERROR;
				CLANG_WARN_DOCUMENTATION_COMMENTS = YES;
				CLANG_WARN_EMPTY_BODY = YES;
				CLANG_WARN_ENUM_CONVERSION = YES;
				CLANG_WARN_INFINITE_RECURSION = YES;
				CLANG_WARN_INT_CONVERSION = YES;
				CLANG_WARN_NON_LITERAL_NULL_CONVERSION = YES;
				CLANG_WARN_OBJC_LITERAL_CONVERSION = YES;
				CLANG_WARN_OBJC_ROOT_CLASS = YES_ERROR;
				CLANG_WARN_RANGE_LOOP_ANALYSIS = YES;
				CLANG_WARN_STRICT_PROTOTYPES = YES;
				CLANG_WARN_SUSPICIOUS_MOVE = YES;
				CLANG_WARN_UNGUARDED_AVAILABILITY = YES_AGGRESSIVE;
				CLANG_WARN_UNREACHABLE_CODE = YES;
				CLANG_WARN__DUPLICATE_METHOD_MATCH = YES;
				CODE_SIGN_IDENTITY = "iPhone Developer";
				COPY_PHASE_STRIP = NO;
				DEBUG_INFORMATION_FORMAT = dwarf;
				ENABLE_STRICT_OBJC_MSGSEND = YES;
				ENABLE_TESTABILITY = YES;
				GCC_C_LANGUAGE_STANDARD = gnu11;
				GCC_DYNAMIC_NO_PIC = NO;
				GCC_NO_COMMON_BLOCKS = YES;
				GCC_OPTIMIZATION_LEVEL = 0;
				GCC_PREPROCESSOR_DEFINITIONS = (
					"DEBUG=1",
					"$(inherited)",
				);
				GCC_WARN_64_TO_32_BIT_CONVERSION = YES;
				GCC_WARN_ABOUT_RETURN_TYPE = YES_ERROR;
				GCC_WARN_UNDECLARED_SELECTOR = YES;
				GCC_WARN_UNINITIALIZED_AUTOS = YES_AGGRESSIVE;
				GCC_WARN_UNUSED_FUNCTION = YES;
				GCC_WARN_UNUSED_VARIABLE = YES;
				IPHONEOS_DEPLOYMENT_TARGET = 11.1;
				MTL_ENABLE_DEBUG_INFO = YES;
				ONLY_ACTIVE_ARCH = YES;
				SDKROOT = iphoneos;
				SWIFT_ACTIVE_COMPILATION_CONDITIONS = DEBUG;
				SWIFT_OPTIMIZATION_LEVEL = "-Onone";
			};
			name = Debug;
		};
		4AB583AF1FC071D000514B27 /* Release */ = {
			isa = XCBuildConfiguration;
			buildSettings = {
				ALWAYS_SEARCH_USER_PATHS = NO;
				CLANG_ANALYZER_NONNULL = YES;
				CLANG_ANALYZER_NUMBER_OBJECT_CONVERSION = YES_AGGRESSIVE;
				CLANG_CXX_LANGUAGE_STANDARD = "gnu++14";
				CLANG_CXX_LIBRARY = "libc++";
				CLANG_ENABLE_MODULES = YES;
				CLANG_ENABLE_OBJC_ARC = YES;
				CLANG_WARN_BLOCK_CAPTURE_AUTORELEASING = YES;
				CLANG_WARN_BOOL_CONVERSION = YES;
				CLANG_WARN_COMMA = YES;
				CLANG_WARN_CONSTANT_CONVERSION = YES;
				CLANG_WARN_DIRECT_OBJC_ISA_USAGE = YES_ERROR;
				CLANG_WARN_DOCUMENTATION_COMMENTS = YES;
				CLANG_WARN_EMPTY_BODY = YES;
				CLANG_WARN_ENUM_CONVERSION = YES;
				CLANG_WARN_INFINITE_RECURSION = YES;
				CLANG_WARN_INT_CONVERSION = YES;
				CLANG_WARN_NON_LITERAL_NULL_CONVERSION = YES;
				CLANG_WARN_OBJC_LITERAL_CONVERSION = YES;
				CLANG_WARN_OBJC_ROOT_CLASS = YES_ERROR;
				CLANG_WARN_RANGE_LOOP_ANALYSIS = YES;
				CLANG_WARN_STRICT_PROTOTYPES = YES;
				CLANG_WARN_SUSPICIOUS_MOVE = YES;
				CLANG_WARN_UNGUARDED_AVAILABILITY = YES_AGGRESSIVE;
				CLANG_WARN_UNREACHABLE_CODE = YES;
				CLANG_WARN__DUPLICATE_METHOD_MATCH = YES;
				CODE_SIGN_IDENTITY = "iPhone Developer";
				COPY_PHASE_STRIP = NO;
				DEBUG_INFORMATION_FORMAT = "dwarf-with-dsym";
				ENABLE_NS_ASSERTIONS = NO;
				ENABLE_STRICT_OBJC_MSGSEND = YES;
				GCC_C_LANGUAGE_STANDARD = gnu11;
				GCC_NO_COMMON_BLOCKS = YES;
				GCC_WARN_64_TO_32_BIT_CONVERSION = YES;
				GCC_WARN_ABOUT_RETURN_TYPE = YES_ERROR;
				GCC_WARN_UNDECLARED_SELECTOR = YES;
				GCC_WARN_UNINITIALIZED_AUTOS = YES_AGGRESSIVE;
				GCC_WARN_UNUSED_FUNCTION = YES;
				GCC_WARN_UNUSED_VARIABLE = YES;
				IPHONEOS_DEPLOYMENT_TARGET = 11.1;
				MTL_ENABLE_DEBUG_INFO = NO;
				SDKROOT = iphoneos;
				SWIFT_OPTIMIZATION_LEVEL = "-Owholemodule";
				VALIDATE_PRODUCT = YES;
			};
			name = Release;
		};
		4AB583B11FC071D000514B27 /* Debug */ = {
			isa = XCBuildConfiguration;
			buildSettings = {
				ASSETCATALOG_COMPILER_APPICON_NAME = AppIcon;
				CODE_SIGN_STYLE = Automatic;
				INFOPLIST_FILE = PartyPicksHorizontal/Info.plist;
				LD_RUNPATH_SEARCH_PATHS = "$(inherited) @executable_path/Frameworks";
				PRODUCT_BUNDLE_IDENTIFIER = com.framework.PartyPicksHorizontal;
				PRODUCT_NAME = "$(TARGET_NAME)";
				SWIFT_VERSION = 4.0;
				TARGETED_DEVICE_FAMILY = "1,2";
			};
			name = Debug;
		};
		4AB583B21FC071D000514B27 /* Release */ = {
			isa = XCBuildConfiguration;
			buildSettings = {
				ASSETCATALOG_COMPILER_APPICON_NAME = AppIcon;
				CODE_SIGN_STYLE = Automatic;
				INFOPLIST_FILE = PartyPicksHorizontal/Info.plist;
				LD_RUNPATH_SEARCH_PATHS = "$(inherited) @executable_path/Frameworks";
				PRODUCT_BUNDLE_IDENTIFIER = com.framework.PartyPicksHorizontal;
				PRODUCT_NAME = "$(TARGET_NAME)";
				SWIFT_VERSION = 4.0;
				TARGETED_DEVICE_FAMILY = "1,2";
			};
			name = Release;
		};
/* End XCBuildConfiguration section */

/* Begin XCConfigurationList section */
		4AB583991FC071D000514B27 /* Build configuration list for PBXProject "PartyPicksHorizontal" */ = {
			isa = XCConfigurationList;
			buildConfigurations = (
				4AB583AE1FC071D000514B27 /* Debug */,
				4AB583AF1FC071D000514B27 /* Release */,
			);
			defaultConfigurationIsVisible = 0;
			defaultConfigurationName = Release;
		};
		4AB583B01FC071D000514B27 /* Build configuration list for PBXNativeTarget "PartyPicksHorizontal" */ = {
			isa = XCConfigurationList;
			buildConfigurations = (
				4AB583B11FC071D000514B27 /* Debug */,
				4AB583B21FC071D000514B27 /* Release */,
			);
			defaultConfigurationIsVisible = 0;
			defaultConfigurationName = Release;
		};
/* End XCConfigurationList section */
	};
	rootObject = 4AB583961FC071D000514B27 /* Project object */;
}
